
Microsoft Visual Studio Solution File, Format Version 12.00
# Visual Studio Version 16
VisualStudioVersion = 16.6.30114.105
MinimumVisualStudioVersion = 10.0.40219.1
Project("{FAE04EC0-301F-11D3-BF4B-00C04F79EFBC}") = "API", "API\API.csproj", "{909BBC7D-E06D-47FA-895E-F64856338EF4}"
EndProject
Project("{FAE04EC0-301F-11D3-BF4B-00C04F79EFBC}") = "Application", "Application\Application.csproj", "{399B7BB2-2FC3-4EEF-8D12-49DFE539EA91}"
EndProject
Project("{FAE04EC0-301F-11D3-BF4B-00C04F79EFBC}") = "Persistence", "Persistence\Persistence.csproj", "{9AF496A9-40CE-42F6-AC71-FDEF91C0A2B5}"
EndProject
Project("{FAE04EC0-301F-11D3-BF4B-00C04F79EFBC}") = "Domain", "Domain\Domain.csproj", "{0AA757B8-8D64-4DB8-B420-005E622800FC}"
EndProject
Project("{FAE04EC0-301F-11D3-BF4B-00C04F79EFBC}") = "Infrastructure", "Infrastructure\Infrastructure.csproj", "{FEF89D5A-F5B6-4650-BE9B-175881D65F0C}"
EndProject
Global
	GlobalSection(SolutionConfigurationPlatforms) = preSolution
		Debug|Any CPU = Debug|Any CPU
		Debug|x64 = Debug|x64
		Debug|x86 = Debug|x86
		Release|Any CPU = Release|Any CPU
		Release|x64 = Release|x64
		Release|x86 = Release|x86
	EndGlobalSection
	GlobalSection(SolutionProperties) = preSolution
		HideSolutionNode = FALSE
	EndGlobalSection
	GlobalSection(ProjectConfigurationPlatforms) = postSolution
		{909BBC7D-E06D-47FA-895E-F64856338EF4}.Debug|Any CPU.ActiveCfg = Debug|Any CPU
		{909BBC7D-E06D-47FA-895E-F64856338EF4}.Debug|Any CPU.Build.0 = Debug|Any CPU
		{909BBC7D-E06D-47FA-895E-F64856338EF4}.Debug|x64.ActiveCfg = Debug|Any CPU
		{909BBC7D-E06D-47FA-895E-F64856338EF4}.Debug|x64.Build.0 = Debug|Any CPU
		{909BBC7D-E06D-47FA-895E-F64856338EF4}.Debug|x86.ActiveCfg = Debug|Any CPU
		{909BBC7D-E06D-47FA-895E-F64856338EF4}.Debug|x86.Build.0 = Debug|Any CPU
		{909BBC7D-E06D-47FA-895E-F64856338EF4}.Release|Any CPU.ActiveCfg = Release|Any CPU
		{909BBC7D-E06D-47FA-895E-F64856338EF4}.Release|Any CPU.Build.0 = Release|Any CPU
		{909BBC7D-E06D-47FA-895E-F64856338EF4}.Release|x64.ActiveCfg = Release|Any CPU
		{909BBC7D-E06D-47FA-895E-F64856338EF4}.Release|x64.Build.0 = Release|Any CPU
		{909BBC7D-E06D-47FA-895E-F64856338EF4}.Release|x86.ActiveCfg = Release|Any CPU
		{909BBC7D-E06D-47FA-895E-F64856338EF4}.Release|x86.Build.0 = Release|Any CPU
		{399B7BB2-2FC3-4EEF-8D12-49DFE539EA91}.Debug|Any CPU.ActiveCfg = Debug|Any CPU
		{399B7BB2-2FC3-4EEF-8D12-49DFE539EA91}.Debug|Any CPU.Build.0 = Debug|Any CPU
		{399B7BB2-2FC3-4EEF-8D12-49DFE539EA91}.Debug|x64.ActiveCfg = Debug|Any CPU
		{399B7BB2-2FC3-4EEF-8D12-49DFE539EA91}.Debug|x64.Build.0 = Debug|Any CPU
		{399B7BB2-2FC3-4EEF-8D12-49DFE539EA91}.Debug|x86.ActiveCfg = Debug|Any CPU
		{399B7BB2-2FC3-4EEF-8D12-49DFE539EA91}.Debug|x86.Build.0 = Debug|Any CPU
		{399B7BB2-2FC3-4EEF-8D12-49DFE539EA91}.Release|Any CPU.ActiveCfg = Release|Any CPU
		{399B7BB2-2FC3-4EEF-8D12-49DFE539EA91}.Release|Any CPU.Build.0 = Release|Any CPU
		{399B7BB2-2FC3-4EEF-8D12-49DFE539EA91}.Release|x64.ActiveCfg = Release|Any CPU
		{399B7BB2-2FC3-4EEF-8D12-49DFE539EA91}.Release|x64.Build.0 = Release|Any CPU
		{399B7BB2-2FC3-4EEF-8D12-49DFE539EA91}.Release|x86.ActiveCfg = Release|Any CPU
		{399B7BB2-2FC3-4EEF-8D12-49DFE539EA91}.Release|x86.Build.0 = Release|Any CPU
		{9AF496A9-40CE-42F6-AC71-FDEF91C0A2B5}.Debug|Any CPU.ActiveCfg = Debug|Any CPU
		{9AF496A9-40CE-42F6-AC71-FDEF91C0A2B5}.Debug|Any CPU.Build.0 = Debug|Any CPU
		{9AF496A9-40CE-42F6-AC71-FDEF91C0A2B5}.Debug|x64.ActiveCfg = Debug|Any CPU
		{9AF496A9-40CE-42F6-AC71-FDEF91C0A2B5}.Debug|x64.Build.0 = Debug|Any CPU
		{9AF496A9-40CE-42F6-AC71-FDEF91C0A2B5}.Debug|x86.ActiveCfg = Debug|Any CPU
		{9AF496A9-40CE-42F6-AC71-FDEF91C0A2B5}.Debug|x86.Build.0 = Debug|Any CPU
		{9AF496A9-40CE-42F6-AC71-FDEF91C0A2B5}.Release|Any CPU.ActiveCfg = Release|Any CPU
		{9AF496A9-40CE-42F6-AC71-FDEF91C0A2B5}.Release|Any CPU.Build.0 = Release|Any CPU
		{9AF496A9-40CE-42F6-AC71-FDEF91C0A2B5}.Release|x64.ActiveCfg = Release|Any CPU
		{9AF496A9-40CE-42F6-AC71-FDEF91C0A2B5}.Release|x64.Build.0 = Release|Any CPU
		{9AF496A9-40CE-42F6-AC71-FDEF91C0A2B5}.Release|x86.ActiveCfg = Release|Any CPU
		{9AF496A9-40CE-42F6-AC71-FDEF91C0A2B5}.Release|x86.Build.0 = Release|Any CPU
		{0AA757B8-8D64-4DB8-B420-005E622800FC}.Debug|Any CPU.ActiveCfg = Debug|Any CPU
		{0AA757B8-8D64-4DB8-B420-005E622800FC}.Debug|Any CPU.Build.0 = Debug|Any CPU
		{0AA757B8-8D64-4DB8-B420-005E622800FC}.Debug|x64.ActiveCfg = Debug|Any CPU
		{0AA757B8-8D64-4DB8-B420-005E622800FC}.Debug|x64.Build.0 = Debug|Any CPU
		{0AA757B8-8D64-4DB8-B420-005E622800FC}.Debug|x86.ActiveCfg = Debug|Any CPU
		{0AA757B8-8D64-4DB8-B420-005E622800FC}.Debug|x86.Build.0 = Debug|Any CPU
		{0AA757B8-8D64-4DB8-B420-005E622800FC}.Release|Any CPU.ActiveCfg = Release|Any CPU
		{0AA757B8-8D64-4DB8-B420-005E622800FC}.Release|Any CPU.Build.0 = Release|Any CPU
		{0AA757B8-8D64-4DB8-B420-005E622800FC}.Release|x64.ActiveCfg = Release|Any CPU
		{0AA757B8-8D64-4DB8-B420-005E622800FC}.Release|x64.Build.0 = Release|Any CPU
		{0AA757B8-8D64-4DB8-B420-005E622800FC}.Release|x86.ActiveCfg = Release|Any CPU
		{0AA757B8-8D64-4DB8-B420-005E622800FC}.Release|x86.Build.0 = Release|Any CPU
		{FEF89D5A-F5B6-4650-BE9B-175881D65F0C}.Debug|Any CPU.ActiveCfg = Debug|Any CPU
		{FEF89D5A-F5B6-4650-BE9B-175881D65F0C}.Debug|Any CPU.Build.0 = Debug|Any CPU
		{FEF89D5A-F5B6-4650-BE9B-175881D65F0C}.Debug|x64.ActiveCfg = Debug|Any CPU
		{FEF89D5A-F5B6-4650-BE9B-175881D65F0C}.Debug|x64.Build.0 = Debug|Any CPU
		{FEF89D5A-F5B6-4650-BE9B-175881D65F0C}.Debug|x86.ActiveCfg = Debug|Any CPU
		{FEF89D5A-F5B6-4650-BE9B-175881D65F0C}.Debug|x86.Build.0 = Debug|Any CPU
		{FEF89D5A-F5B6-4650-BE9B-175881D65F0C}.Release|Any CPU.ActiveCfg = Release|Any CPU
		{FEF89D5A-F5B6-4650-BE9B-175881D65F0C}.Release|Any CPU.Build.0 = Release|Any CPU
		{FEF89D5A-F5B6-4650-BE9B-175881D65F0C}.Release|x64.ActiveCfg = Release|Any CPU
		{FEF89D5A-F5B6-4650-BE9B-175881D65F0C}.Release|x64.Build.0 = Release|Any CPU
		{FEF89D5A-F5B6-4650-BE9B-175881D65F0C}.Release|x86.ActiveCfg = Release|Any CPU
		{FEF89D5A-F5B6-4650-BE9B-175881D65F0C}.Release|x86.Build.0 = Release|Any CPU
	EndGlobalSection
EndGlobal
